
Microsoft Visual Studio Solution File, Format Version 12.00
# Visual Studio Version 17
VisualStudioVersion = 17.14.36518.9 d17.14
MinimumVisualStudioVersion = 10.0.40219.1
Project("{8BC9CEB8-8B4A-11D0-8D11-00A0C91BC942}") = "MaliceRHI", "MaliceRHI.vcxproj", "{712363B6-0D7F-4C03-A7E2-4294905DAAFD}"
EndProject
Project("{8BC9CEB8-8B4A-11D0-8D11-00A0C91BC942}") = "MaliceRHI_ForwardRenderer_UT", "..\MaliceRHI_ForwardRenderer_UT\MaliceRHI_ForwardRenderer_UT.vcxproj", "{6ED1E43C-5CAE-46AE-8C32-013FC0F3C1A4}"
EndProject
Global
	GlobalSection(SolutionConfigurationPlatforms) = preSolution
		Debug|x64 = Debug|x64
		Debug|x86 = Debug|x86
		Release|x64 = Release|x64
		Release|x86 = Release|x86
	EndGlobalSection
	GlobalSection(ProjectConfigurationPlatforms) = postSolution
		{712363B6-0D7F-4C03-A7E2-4294905DAAFD}.Debug|x64.ActiveCfg = Debug|x64
		{712363B6-0D7F-4C03-A7E2-4294905DAAFD}.Debug|x64.Build.0 = Debug|x64
		{712363B6-0D7F-4C03-A7E2-4294905DAAFD}.Debug|x86.ActiveCfg = Debug|Win32
		{712363B6-0D7F-4C03-A7E2-4294905DAAFD}.Debug|x86.Build.0 = Debug|Win32
		{712363B6-0D7F-4C03-A7E2-4294905DAAFD}.Release|x64.ActiveCfg = Release|x64
		{712363B6-0D7F-4C03-A7E2-4294905DAAFD}.Release|x64.Build.0 = Release|x64
		{712363B6-0D7F-4C03-A7E2-4294905DAAFD}.Release|x86.ActiveCfg = Release|Win32
		{712363B6-0D7F-4C03-A7E2-4294905DAAFD}.Release|x86.Build.0 = Release|Win32
		{6ED1E43C-5CAE-46AE-8C32-013FC0F3C1A4}.Debug|x64.ActiveCfg = Debug|x64
		{6ED1E43C-5CAE-46AE-8C32-013FC0F3C1A4}.Debug|x64.Build.0 = Debug|x64
		{6ED1E43C-5CAE-46AE-8C32-013FC0F3C1A4}.Debug|x86.ActiveCfg = Debug|Win32
		{6ED1E43C-5CAE-46AE-8C32-013FC0F3C1A4}.Debug|x86.Build.0 = Debug|Win32
		{6ED1E43C-5CAE-46AE-8C32-013FC0F3C1A4}.Release|x64.ActiveCfg = Release|x64
		{6ED1E43C-5CAE-46AE-8C32-013FC0F3C1A4}.Release|x64.Build.0 = Release|x64
		{6ED1E43C-5CAE-46AE-8C32-013FC0F3C1A4}.Release|x86.ActiveCfg = Release|Win32
		{6ED1E43C-5CAE-46AE-8C32-013FC0F3C1A4}.Release|x86.Build.0 = Release|Win32
	EndGlobalSection
	GlobalSection(SolutionProperties) = preSolution
		HideSolutionNode = FALSE
	EndGlobalSection
	GlobalSection(ExtensibilityGlobals) = postSolution
		SolutionGuid = {B32C0853-163F-4648-A84D-D4FFC14EC2A2}
	EndGlobalSection
EndGlobal
