<?xml version="1.0" encoding="utf-8"?>
<Project ToolsVersion="4.0" xmlns="http://schemas.microsoft.com/developer/msbuild/2003">
  <ItemGroup>
    <Filter Include="Fichiers sources">
      <UniqueIdentifier>{4FC737F1-C7A5-4376-A066-2A32D752A2FF}</UniqueIdentifier>
      <Extensions>cpp;c;cc;cxx;c++;cppm;ixx;def;odl;idl;hpj;bat;asm;asmx</Extensions>
    </Filter>
    <Filter Include="Fichiers d%27en-tête">
      <UniqueIdentifier>{93995380-89BD-4b04-88EB-625FBE52EBFB}</UniqueIdentifier>
      <Extensions>h;hh;hpp;hxx;h++;hm;inl;inc;ipp;xsd</Extensions>
    </Filter>
    <Filter Include="Fichiers de ressources">
      <UniqueIdentifier>{67DA6AB6-F800-4c08-8B7A-83BB121AAD01}</UniqueIdentifier>
      <Extensions>rc;ico;cur;bmp;dlg;rc2;rct;bin;rgs;gif;jpg;jpeg;jpe;resx;tiff;tif;png;wav;mfcribbon-ms</Extensions>
    </Filter>
    <Filter Include="Fichiers d%27en-tête\Vulkan">
      <UniqueIdentifier>{d5884ae7-6d29-46b7-ad9b-7b17bfb52439}</UniqueIdentifier>
    </Filter>
    <Filter Include="Fichiers sources\Vulkan">
      <UniqueIdentifier>{d23d14ed-652a-4020-bdaa-d63f37046618}</UniqueIdentifier>
    </Filter>
    <Filter Include="Fichiers de ressources\Compiled">
      <UniqueIdentifier>{bc7d9f4e-825f-451a-bc88-106a17c7afd8}</UniqueIdentifier>
    </Filter>
    <Filter Include="Fichiers d%27en-tête\Utils">
      <UniqueIdentifier>{34925804-aa77-4f21-911b-22868a4cfc14}</UniqueIdentifier>
    </Filter>
    <Filter Include="Fichiers sources\Utils">
      <UniqueIdentifier>{5c5a960e-c6b5-42c9-bae1-c860b66a88fc}</UniqueIdentifier>
    </Filter>
  </ItemGroup>
  <ItemGroup>
    <None Include="resources\compile.bat">
      <Filter>Fichiers de ressources</Filter>
    </None>
    <None Include="resources\mainShader.frag">
      <Filter>Fichiers de ressources</Filter>
    </None>
    <None Include="resources\mainShader.vert">
      <Filter>Fichiers de ressources</Filter>
    </None>
    <None Include="resources\shaders\frag.spv">
      <Filter>Fichiers de ressources\Compiled</Filter>
    </None>
    <None Include="resources\shaders\vert.spv">
      <Filter>Fichiers de ressources\Compiled</Filter>
    </None>
  </ItemGroup>
  <ItemGroup>
    <ClInclude Include="code\include\iinstance.h">
      <Filter>Fichiers d%27en-tête</Filter>
    </ClInclude>
    <ClInclude Include="code\include\vulkan_instance.h">
      <Filter>Fichiers d%27en-tête\Vulkan</Filter>
    </ClInclude>
    <ClInclude Include="code\include\vulkan_forwarddeclarations.h">
      <Filter>Fichiers d%27en-tête\Utils</Filter>
    </ClInclude>
    <ClInclude Include="code\include\malicerhi_masterheader.h">
      <Filter>Fichiers d%27en-tête\Utils</Filter>
    </ClInclude>
    <ClInclude Include="code\include\isurface.h">
      <Filter>Fichiers d%27en-tête</Filter>
    </ClInclude>
    <ClInclude Include="code\include\vulkan_surface.h">
      <Filter>Fichiers d%27en-tête</Filter>
    </ClInclude>
    <ClInclude Include="code\include\idevice.h">
      <Filter>Fichiers d%27en-tête</Filter>
    </ClInclude>
    <ClInclude Include="code\include\vulkan_device.h">
      <Filter>Fichiers d%27en-tête</Filter>
    </ClInclude>
    <ClInclude Include="code\include\iswapchain.h">
      <Filter>Fichiers d%27en-tête</Filter>
    </ClInclude>
    <ClInclude Include="code\include\vulkan_swapchain.h">
      <Filter>Fichiers d%27en-tête</Filter>
    </ClInclude>
    <ClInclude Include="code\include\irenderpass.h">
      <Filter>Fichiers d%27en-tête</Filter>
    </ClInclude>
    <ClInclude Include="code\include\vulkan_renderpass.h">
      <Filter>Fichiers d%27en-tête</Filter>
    </ClInclude>
    <ClInclude Include="code\include\vulkan_framebuffers.h">
      <Filter>Fichiers d%27en-tête</Filter>
    </ClInclude>
    <ClInclude Include="code\include\iframebuffers.h">
      <Filter>Fichiers d%27en-tête</Filter>
    </ClInclude>
    <ClInclude Include="code\include\ishadermodules.h">
      <Filter>Fichiers d%27en-tête</Filter>
    </ClInclude>
    <ClInclude Include="code\include\vulkan_shadermodules.h">
      <Filter>Fichiers d%27en-tête</Filter>
    </ClInclude>
  </ItemGroup>
  <ItemGroup>
    <ClCompile Include="code\src\vulkan_instance.cpp">
      <Filter>Fichiers sources\Vulkan</Filter>
    </ClCompile>
    <ClCompile Include="main.cpp">
      <Filter>Fichiers sources</Filter>
    </ClCompile>
    <ClCompile Include="code\src\volk.c">
      <Filter>Fichiers sources\Utils</Filter>
    </ClCompile>
    <ClCompile Include="code\src\vulkan_surface.cpp">
      <Filter>Fichiers sources</Filter>
    </ClCompile>
    <ClCompile Include="code\src\vulkan_device.cpp">
      <Filter>Fichiers sources</Filter>
    </ClCompile>
    <ClCompile Include="code\src\vulkan_swapchain.cpp">
      <Filter>Fichiers sources</Filter>
    </ClCompile>
    <ClCompile Include="code\src\vulkan_renderpass.cpp">
      <Filter>Fichiers sources</Filter>
    </ClCompile>
    <ClCompile Include="code\src\vulkan_framebuffers.cpp">
      <Filter>Fichiers sources</Filter>
    </ClCompile>
    <ClCompile Include="code\src\vulkan_shadermodules.cpp">
      <Filter>Fichiers sources</Filter>
    </ClCompile>
  </ItemGroup>
</Project>