<?xml version="1.0" encoding="utf-8"?>
<Project ToolsVersion="4.0" xmlns="http://schemas.microsoft.com/developer/msbuild/2003">
  <ItemGroup>
    <Filter Include="Fichiers sources">
      <UniqueIdentifier>{4FC737F1-C7A5-4376-A066-2A32D752A2FF}</UniqueIdentifier>
      <Extensions>cpp;c;cc;cxx;c++;cppm;ixx;def;odl;idl;hpj;bat;asm;asmx</Extensions>
    </Filter>
    <Filter Include="Fichiers d%27en-tête">
      <UniqueIdentifier>{93995380-89BD-4b04-88EB-625FBE52EBFB}</UniqueIdentifier>
      <Extensions>h;hh;hpp;hxx;h++;hm;inl;inc;ipp;xsd</Extensions>
    </Filter>
    <Filter Include="Fichiers de ressources">
      <UniqueIdentifier>{67DA6AB6-F800-4c08-8B7A-83BB121AAD01}</UniqueIdentifier>
      <Extensions>rc;ico;cur;bmp;dlg;rc2;rct;bin;rgs;gif;jpg;jpeg;jpe;resx;tiff;tif;png;wav;mfcribbon-ms</Extensions>
    </Filter>
    <Filter Include="Fichiers sources\Vulkan">
      <UniqueIdentifier>{d23d14ed-652a-4020-bdaa-d63f37046618}</UniqueIdentifier>
    </Filter>
    <Filter Include="Fichiers d%27en-tête\Interface">
      <UniqueIdentifier>{6a9531bb-c7e8-4bf4-ad95-3838d58efc36}</UniqueIdentifier>
    </Filter>
    <Filter Include="Fichiers d%27en-tête\Vulkan">
      <UniqueIdentifier>{0ac92afc-fbf2-44b8-a0e2-8473381deef8}</UniqueIdentifier>
    </Filter>
    <Filter Include="Fichiers d%27en-tête\MaliceRHI">
      <UniqueIdentifier>{fb57bbb4-b55c-4184-a56f-02c20b984a5f}</UniqueIdentifier>
    </Filter>
    <Filter Include="Fichiers sources\Interface">
      <UniqueIdentifier>{5c5a960e-c6b5-42c9-bae1-c860b66a88fc}</UniqueIdentifier>
    </Filter>
  </ItemGroup>
  <ItemGroup>
    <ClInclude Include="code\include\Interface\ibuffer.h">
      <Filter>Fichiers d%27en-tête\Interface</Filter>
    </ClInclude>
    <ClInclude Include="code\include\Interface\icommandbuffers.h">
      <Filter>Fichiers d%27en-tête\Interface</Filter>
    </ClInclude>
    <ClInclude Include="code\include\Interface\icommandpool.h">
      <Filter>Fichiers d%27en-tête\Interface</Filter>
    </ClInclude>
    <ClInclude Include="code\include\Interface\idescriptorsetsgroup.h">
      <Filter>Fichiers d%27en-tête\Interface</Filter>
    </ClInclude>
    <ClInclude Include="code\include\Interface\idevice.h">
      <Filter>Fichiers d%27en-tête\Interface</Filter>
    </ClInclude>
    <ClInclude Include="code\include\Interface\iframebuffers.h">
      <Filter>Fichiers d%27en-tête\Interface</Filter>
    </ClInclude>
    <ClInclude Include="code\include\Interface\iinstance.h">
      <Filter>Fichiers d%27en-tête\Interface</Filter>
    </ClInclude>
    <ClInclude Include="code\include\Interface\ipipeline.h">
      <Filter>Fichiers d%27en-tête\Interface</Filter>
    </ClInclude>
    <ClInclude Include="code\include\Interface\irender_interface.h">
      <Filter>Fichiers d%27en-tête\Interface</Filter>
    </ClInclude>
    <ClInclude Include="code\include\Interface\irenderpass.h">
      <Filter>Fichiers d%27en-tête\Interface</Filter>
    </ClInclude>
    <ClInclude Include="code\include\Interface\ishadermodules.h">
      <Filter>Fichiers d%27en-tête\Interface</Filter>
    </ClInclude>
    <ClInclude Include="code\include\Interface\isurface.h">
      <Filter>Fichiers d%27en-tête\Interface</Filter>
    </ClInclude>
    <ClInclude Include="code\include\Interface\iswapchain.h">
      <Filter>Fichiers d%27en-tête\Interface</Filter>
    </ClInclude>
    <ClInclude Include="code\include\Interface\iuniformbuffers.h">
      <Filter>Fichiers d%27en-tête\Interface</Filter>
    </ClInclude>
    <ClInclude Include="code\include\Interface\debug.h">
      <Filter>Fichiers d%27en-tête\Interface</Filter>
    </ClInclude>
    <ClInclude Include="code\include\Interface\malicerhi_masterheader.h">
      <Filter>Fichiers d%27en-tête\Interface</Filter>
    </ClInclude>
    <ClInclude Include="code\include\Vulkan\vulkan_buffer.h">
      <Filter>Fichiers d%27en-tête\Vulkan</Filter>
    </ClInclude>
    <ClInclude Include="code\include\Vulkan\vulkan_commandbuffers.h">
      <Filter>Fichiers d%27en-tête\Vulkan</Filter>
    </ClInclude>
    <ClInclude Include="code\include\Vulkan\vulkan_commandpool.h">
      <Filter>Fichiers d%27en-tête\Vulkan</Filter>
    </ClInclude>
    <ClInclude Include="code\include\Vulkan\vulkan_descriptorsetsgroup.h">
      <Filter>Fichiers d%27en-tête\Vulkan</Filter>
    </ClInclude>
    <ClInclude Include="code\include\Vulkan\vulkan_device.h">
      <Filter>Fichiers d%27en-tête\Vulkan</Filter>
    </ClInclude>
    <ClInclude Include="code\include\Vulkan\vulkan_framebuffers.h">
      <Filter>Fichiers d%27en-tête\Vulkan</Filter>
    </ClInclude>
    <ClInclude Include="code\include\Vulkan\vulkan_instance.h">
      <Filter>Fichiers d%27en-tête\Vulkan</Filter>
    </ClInclude>
    <ClInclude Include="code\include\Vulkan\vulkan_pipeline.h">
      <Filter>Fichiers d%27en-tête\Vulkan</Filter>
    </ClInclude>
    <ClInclude Include="code\include\Vulkan\vulkan_render_interface.h">
      <Filter>Fichiers d%27en-tête\Vulkan</Filter>
    </ClInclude>
    <ClInclude Include="code\include\Vulkan\vulkan_renderpass.h">
      <Filter>Fichiers d%27en-tête\Vulkan</Filter>
    </ClInclude>
    <ClInclude Include="code\include\Vulkan\vulkan_shadermodules.h">
      <Filter>Fichiers d%27en-tête\Vulkan</Filter>
    </ClInclude>
    <ClInclude Include="code\include\Vulkan\vulkan_surface.h">
      <Filter>Fichiers d%27en-tête\Vulkan</Filter>
    </ClInclude>
    <ClInclude Include="code\include\Vulkan\vulkan_swapchain.h">
      <Filter>Fichiers d%27en-tête\Vulkan</Filter>
    </ClInclude>
    <ClInclude Include="code\include\Vulkan\vulkan_uniformbuffers.h">
      <Filter>Fichiers d%27en-tête\Vulkan</Filter>
    </ClInclude>
    <ClInclude Include="code\include\MaliceRHI\malice_rhi.h">
      <Filter>Fichiers d%27en-tête\MaliceRHI</Filter>
    </ClInclude>
  </ItemGroup>
  <ItemGroup>
    <ClCompile Include="code\src\Vulkan\vulkan_instance.cpp">
      <Filter>Fichiers sources\Vulkan</Filter>
    </ClCompile>
    <ClCompile Include="code\src\Interface\volk.c">
      <Filter>Fichiers sources\Interface</Filter>
    </ClCompile>
    <ClCompile Include="code\src\Vulkan\vulkan_device.cpp">
      <Filter>Fichiers sources\Vulkan</Filter>
    </ClCompile>
    <ClCompile Include="code\src\Vulkan\vulkan_framebuffers.cpp">
      <Filter>Fichiers sources\Vulkan</Filter>
    </ClCompile>
    <ClCompile Include="code\src\Vulkan\vulkan_renderpass.cpp">
      <Filter>Fichiers sources\Vulkan</Filter>
    </ClCompile>
    <ClCompile Include="code\src\Vulkan\vulkan_shadermodules.cpp">
      <Filter>Fichiers sources\Vulkan</Filter>
    </ClCompile>
    <ClCompile Include="code\src\Vulkan\vulkan_surface.cpp">
      <Filter>Fichiers sources\Vulkan</Filter>
    </ClCompile>
    <ClCompile Include="code\src\Vulkan\vulkan_swapchain.cpp">
      <Filter>Fichiers sources\Vulkan</Filter>
    </ClCompile>
    <ClCompile Include="code\src\Vulkan\vulkan_commandpool.cpp">
      <Filter>Fichiers sources\Vulkan</Filter>
    </ClCompile>
    <ClCompile Include="code\src\Vulkan\vulkan_buffer.cpp">
      <Filter>Fichiers sources\Vulkan</Filter>
    </ClCompile>
    <ClCompile Include="code\src\Vulkan\vulkan_pipeline.cpp">
      <Filter>Fichiers sources\Vulkan</Filter>
    </ClCompile>
    <ClCompile Include="code\src\Vulkan\vulkan_commandbuffers.cpp">
      <Filter>Fichiers sources\Vulkan</Filter>
    </ClCompile>
    <ClCompile Include="code\src\Vulkan\vulkan_render_interface.cpp">
      <Filter>Fichiers sources\Vulkan</Filter>
    </ClCompile>
    <ClCompile Include="code\src\Interface\debug.cpp">
      <Filter>Fichiers sources\Interface</Filter>
    </ClCompile>
    <ClCompile Include="code\src\Vulkan\vulkan_uniformbuffers.cpp">
      <Filter>Fichiers sources\Vulkan</Filter>
    </ClCompile>
    <ClCompile Include="code\src\Vulkan\vulkan_descriptorsetsgroup.cpp">
      <Filter>Fichiers sources\Vulkan</Filter>
    </ClCompile>
  </ItemGroup>
  <ItemGroup>
    <None Include="README.md">
      <Filter>Fichiers de ressources</Filter>
    </None>
  </ItemGroup>
</Project>